
Microsoft Visual Studio Solution File, Format Version 12.00
# Visual Studio Version 17
VisualStudioVersion = 17.6.33801.468
MinimumVisualStudioVersion = 10.0.40219.1
Project("{FAE04EC0-301F-11D3-BF4B-00C04F79EFBC}") = "ApotekaAPI", "ApotekaAPI\ApotekaAPI.csproj", "{0B74BF14-55CC-48B2-AF7C-D8056652ACD6}"
EndProject
Global
	GlobalSection(SolutionConfigurationPlatforms) = preSolution
		Debug|Any CPU = Debug|Any CPU
		Release|Any CPU = Release|Any CPU
	EndGlobalSection
	GlobalSection(ProjectConfigurationPlatforms) = postSolution
		{0B74BF14-55CC-48B2-AF7C-D8056652ACD6}.Debug|Any CPU.ActiveCfg = Debug|Any CPU
		{0B74BF14-55CC-48B2-AF7C-D8056652ACD6}.Debug|Any CPU.Build.0 = Debug|Any CPU
		{0B74BF14-55CC-48B2-AF7C-D8056652ACD6}.Release|Any CPU.ActiveCfg = Release|Any CPU
		{0B74BF14-55CC-48B2-AF7C-D8056652ACD6}.Release|Any CPU.Build.0 = Release|Any CPU
	EndGlobalSection
	GlobalSection(SolutionProperties) = preSolution
		HideSolutionNode = FALSE
	EndGlobalSection
	GlobalSection(ExtensibilityGlobals) = postSolution
		SolutionGuid = {9E69AA97-ECE9-446D-900E-3C6A410BB594}
	EndGlobalSection
EndGlobal
